Microsoft Visual Studio Solution File, Format Version 12.00
# Visual Studio Version 17
VisualStudioVersion = 17.5.2.0
MinimumVisualStudioVersion = 10.0.40219.1
Project("{2150E333-8FDC-42A3-9474-1A3956D46DE8}") = "tests", "tests", "{F8739FF6-E034-4CE6-90BC-D39FA0259DE7}"
EndProject
Project("{FAE04EC0-301F-11D3-BF4B-00C04F79EFBC}") = "ProofedAndPolished.Tests", "tests\ProofedAndPolished.Tests\ProofedAndPolished.Tests.csproj", "{89A6EB36-2873-4EFD-9BC7-DA818766171B}"
EndProject
Project("{FAE04EC0-301F-11D3-BF4B-00C04F79EFBC}") = "ProofedAndPolished", "src\ProofedAndPolished.csproj", "{AFF85B22-1CE5-4C8D-80A3-2DBDCA980B7C}"
EndProject
Global
	GlobalSection(SolutionConfigurationPlatforms) = preSolution
		Debug|Any CPU = Debug|Any CPU
		Release|Any CPU = Release|Any CPU
	EndGlobalSection
	GlobalSection(ProjectConfigurationPlatforms) = postSolution
		{89A6EB36-2873-4EFD-9BC7-DA818766171B}.Debug|Any CPU.ActiveCfg = Debug|Any CPU
		{89A6EB36-2873-4EFD-9BC7-DA818766171B}.Debug|Any CPU.Build.0 = Debug|Any CPU
		{89A6EB36-2873-4EFD-9BC7-DA818766171B}.Release|Any CPU.ActiveCfg = Release|Any CPU
		{89A6EB36-2873-4EFD-9BC7-DA818766171B}.Release|Any CPU.Build.0 = Release|Any CPU
		{AFF85B22-1CE5-4C8D-80A3-2DBDCA980B7C}.Debug|Any CPU.ActiveCfg = Debug|Any CPU
		{AFF85B22-1CE5-4C8D-80A3-2DBDCA980B7C}.Debug|Any CPU.Build.0 = Debug|Any CPU
		{AFF85B22-1CE5-4C8D-80A3-2DBDCA980B7C}.Release|Any CPU.ActiveCfg = Release|Any CPU
		{AFF85B22-1CE5-4C8D-80A3-2DBDCA980B7C}.Release|Any CPU.Build.0 = Release|Any CPU
	EndGlobalSection
	GlobalSection(SolutionProperties) = preSolution
		HideSolutionNode = FALSE
	EndGlobalSection
	GlobalSection(ExtensibilityGlobals) = postSolution
		SolutionGuid = {457CDC3F-040B-4A36-A8CB-8C4F589853FB}
	EndGlobalSection
	GlobalSection(NestedProjects) = preSolution
		{89A6EB36-2873-4EFD-9BC7-DA818766171B} = {F8739FF6-E034-4CE6-90BC-D39FA0259DE7}
	EndGlobalSection
EndGlobal
